
Microsoft Visual Studio Solution File, Format Version 12.00
# Visual Studio Version 16
VisualStudioVersion = 16.0.31129.286
MinimumVisualStudioVersion = 10.0.40219.1
Project("{FAE04EC0-301F-11D3-BF4B-00C04F79EFBC}") = "DiscordBotV2", "DiscordBotV2.csproj", "{FFF23502-B5E3-40DF-BE30-C7CA5AED59DF}"
EndProject
Global
	GlobalSection(SolutionConfigurationPlatforms) = preSolution
		Debug|Any CPU = Debug|Any CPU
		Release|Any CPU = Release|Any CPU
	EndGlobalSection
	GlobalSection(ProjectConfigurationPlatforms) = postSolution
		{FFF23502-B5E3-40DF-BE30-C7CA5AED59DF}.Debug|Any CPU.ActiveCfg = Debug|Any CPU
		{FFF23502-B5E3-40DF-BE30-C7CA5AED59DF}.Debug|Any CPU.Build.0 = Debug|Any CPU
		{FFF23502-B5E3-40DF-BE30-C7CA5AED59DF}.Release|Any CPU.ActiveCfg = Release|Any CPU
		{FFF23502-B5E3-40DF-BE30-C7CA5AED59DF}.Release|Any CPU.Build.0 = Release|Any CPU
	EndGlobalSection
	GlobalSection(SolutionProperties) = preSolution
		HideSolutionNode = FALSE
	EndGlobalSection
	GlobalSection(ExtensibilityGlobals) = postSolution
		SolutionGuid = {60AF2034-32B3-4D99-936B-B1F4A24689FD}
	EndGlobalSection
EndGlobal
